<?xml version="1.0" encoding="utf-8"?>
<Project ToolsVersion="4.0" xmlns="http://schemas.microsoft.com/developer/msbuild/2003">
  <ItemGroup>
    <Filter Include="02. Main">
      <UniqueIdentifier>{4FC737F1-C7A5-4376-A066-2A32D752A2FF}</UniqueIdentifier>
      <Extensions>cpp;c;cc;cxx;c++;cppm;ixx;def;odl;idl;hpj;bat;asm;asmx</Extensions>
    </Filter>
    <Filter Include="03. Game">
      <UniqueIdentifier>{93995380-89BD-4b04-88EB-625FBE52EBFB}</UniqueIdentifier>
      <Extensions>h;hh;hpp;hxx;h++;hm;inl;inc;ipp;xsd</Extensions>
    </Filter>
    <Filter Include="01. 리소스 파일">
      <UniqueIdentifier>{67DA6AB6-F800-4c08-8B7A-83BB121AAD01}</UniqueIdentifier>
      <Extensions>rc;ico;cur;bmp;dlg;rc2;rct;bin;rgs;gif;jpg;jpeg;jpe;resx;tiff;tif;png;wav;mfcribbon-ms</Extensions>
    </Filter>
    <Filter Include="03. Game\Level">
      <UniqueIdentifier>{b038deb2-a787-497c-acc0-464174995081}</UniqueIdentifier>
    </Filter>
    <Filter Include="03. Game\Object">
      <UniqueIdentifier>{7d500263-2bcf-4d2f-929c-cb07fe9f06f0}</UniqueIdentifier>
    </Filter>
    <Filter Include="03. Game\Manager">
      <UniqueIdentifier>{2eeea993-3491-4335-a3b7-0228be0d4a07}</UniqueIdentifier>
    </Filter>
    <Filter Include="03. Game\Header">
      <UniqueIdentifier>{a873221c-67a3-411e-bf25-30ebaf3246ae}</UniqueIdentifier>
    </Filter>
    <Filter Include="03. Game\Level\Logo_Start">
      <UniqueIdentifier>{c1e5e4f4-4237-4f21-88ea-352e7e8c2896}</UniqueIdentifier>
    </Filter>
    <Filter Include="03. Game\Level\Editor">
      <UniqueIdentifier>{f83c0c49-8602-41d4-acba-38f4ef685d40}</UniqueIdentifier>
    </Filter>
    <Filter Include="03. Game\Level\Stage03">
      <UniqueIdentifier>{54fed68d-95d4-424e-aa90-43570afaebe2}</UniqueIdentifier>
    </Filter>
    <Filter Include="03. Game\Level\Stage01">
      <UniqueIdentifier>{d4c71be2-a069-45c3-b975-1835776dc15b}</UniqueIdentifier>
    </Filter>
    <Filter Include="03. Game\Level\Stage02">
      <UniqueIdentifier>{00f5962a-4753-483b-9661-ccfec2fc68ca}</UniqueIdentifier>
    </Filter>
    <Filter Include="03. Game\Object\Player">
      <UniqueIdentifier>{2acd5cc4-20c9-4e20-b6d3-e1e7b7d95b55}</UniqueIdentifier>
    </Filter>
  </ItemGroup>
  <ItemGroup>
    <ClInclude Include="framework.h">
      <Filter>02. Main</Filter>
    </ClInclude>
    <ClInclude Include="GameClient.h">
      <Filter>02. Main</Filter>
    </ClInclude>
    <ClInclude Include="Resource.h">
      <Filter>02. Main</Filter>
    </ClInclude>
    <ClInclude Include="targetver.h">
      <Filter>02. Main</Filter>
    </ClInclude>
    <ClInclude Include="CEngine.h">
      <Filter>03. Game</Filter>
    </ClInclude>
    <ClInclude Include="pch.h">
      <Filter>02. Main</Filter>
    </ClInclude>
    <ClInclude Include="define.h">
      <Filter>02. Main</Filter>
    </ClInclude>
    <ClInclude Include="CEntity.h">
      <Filter>03. Game</Filter>
    </ClInclude>
    <ClInclude Include="CObject.h">
      <Filter>03. Game\Object</Filter>
    </ClInclude>
    <ClInclude Include="CLevel.h">
      <Filter>03. Game\Level</Filter>
    </ClInclude>
    <ClInclude Include="struct.h">
      <Filter>03. Game\Header</Filter>
    </ClInclude>
    <ClInclude Include="CLevelMgr.h">
      <Filter>03. Game\Manager</Filter>
    </ClInclude>
    <ClInclude Include="enum.h">
      <Filter>03. Game\Header</Filter>
    </ClInclude>
    <ClInclude Include="CLevel_Stage01.h">
      <Filter>03. Game\Level\Stage01</Filter>
    </ClInclude>
    <ClInclude Include="CPlayer.h">
      <Filter>03. Game\Object\Player</Filter>
    </ClInclude>
  </ItemGroup>
  <ItemGroup>
    <ClCompile Include="main.cpp">
      <Filter>02. Main</Filter>
    </ClCompile>
    <ClCompile Include="CEngine.cpp">
      <Filter>03. Game</Filter>
    </ClCompile>
    <ClCompile Include="CEntity.cpp">
      <Filter>03. Game</Filter>
    </ClCompile>
    <ClCompile Include="CObject.cpp">
      <Filter>03. Game\Object</Filter>
    </ClCompile>
    <ClCompile Include="CLevel.cpp">
      <Filter>03. Game\Level</Filter>
    </ClCompile>
    <ClCompile Include="CLevelMgr.cpp">
      <Filter>03. Game\Manager</Filter>
    </ClCompile>
    <ClCompile Include="CLevel_Stage01.cpp">
      <Filter>03. Game\Level\Stage01</Filter>
    </ClCompile>
    <ClCompile Include="CPlayer.cpp">
      <Filter>03. Game\Object\Player</Filter>
    </ClCompile>
  </ItemGroup>
  <ItemGroup>
    <ResourceCompile Include="GameClient.rc">
      <Filter>01. 리소스 파일</Filter>
    </ResourceCompile>
  </ItemGroup>
  <ItemGroup>
    <Image Include="small.ico">
      <Filter>01. 리소스 파일</Filter>
    </Image>
    <Image Include="GameClient.ico">
      <Filter>01. 리소스 파일</Filter>
    </Image>
  </ItemGroup>
</Project>